
Microsoft Visual Studio Solution File, Format Version 12.00
# Visual Studio Version 17
VisualStudioVersion = 17.10.35122.118
MinimumVisualStudioVersion = 10.0.40219.1
Project("{FAE04EC0-301F-11D3-BF4B-00C04F79EFBC}") = "Laba_3", "Laba_3.csproj", "{9D92FEE1-DC8D-42D1-B4BA-1729E7C3CD9B}"
EndProject
Global
	GlobalSection(SolutionConfigurationPlatforms) = preSolution
		Debug|Any CPU = Debug|Any CPU
		Release|Any CPU = Release|Any CPU
	EndGlobalSection
	GlobalSection(ProjectConfigurationPlatforms) = postSolution
		{9D92FEE1-DC8D-42D1-B4BA-1729E7C3CD9B}.Debug|Any CPU.ActiveCfg = Debug|Any CPU
		{9D92FEE1-DC8D-42D1-B4BA-1729E7C3CD9B}.Debug|Any CPU.Build.0 = Debug|Any CPU
		{9D92FEE1-DC8D-42D1-B4BA-1729E7C3CD9B}.Release|Any CPU.ActiveCfg = Release|Any CPU
		{9D92FEE1-DC8D-42D1-B4BA-1729E7C3CD9B}.Release|Any CPU.Build.0 = Release|Any CPU
	EndGlobalSection
	GlobalSection(SolutionProperties) = preSolution
		HideSolutionNode = FALSE
	EndGlobalSection
	GlobalSection(ExtensibilityGlobals) = postSolution
		SolutionGuid = {0A17FB1F-7E97-4328-9861-5956AB3130AA}
	EndGlobalSection
EndGlobal
